// !$*UTF8*$!
{
	archiveVersion = 1;
	classes = {
	};
	objectVersion = 46;
	objects = {

/* Begin PBXBuildFile section */
		7C2EADD11973F91C0002712A /* Main.storyboard in Resources */ = {isa = PBXBuildFile; fileRef = 7C2EADD01973F91C0002712A /* Main.storyboard */; };
		7C8F8C11197277A1007DA5E4 /* AppDelegate.swift in Sources */ = {isa = PBXBuildFile; fileRef = 7C8F8C10197277A1007DA5E4 /* AppDelegate.swift */; };
		7C8F8C14197277A1007DA5E4 /* ToDoList.xcdatamodeld in Sources */ = {isa = PBXBuildFile; fileRef = 7C8F8C12197277A1007DA5E4 /* ToDoList.xcdatamodeld */; };
		7C8F8C16197277A1007DA5E4 /* Images.xcassets in Resources */ = {isa = PBXBuildFile; fileRef = 7C8F8C15197277A1007DA5E4 /* Images.xcassets */; };
		7C8F8C22197277A1007DA5E4 /* ToDoListTests.swift in Sources */ = {isa = PBXBuildFile; fileRef = 7C8F8C21197277A1007DA5E4 /* ToDoListTests.swift */; };
		7C8F8C2C197291FB007DA5E4 /* ToDoManager.swift in Sources */ = {isa = PBXBuildFile; fileRef = 7C8F8C2B197291FB007DA5E4 /* ToDoManager.swift */; };
		7CB7012C19751F720089BCD2 /* ToDoListViewController.swift in Sources */ = {isa = PBXBuildFile; fileRef = 7CB7012B19751F720089BCD2 /* ToDoListViewController.swift */; };
		7CF0C8C819754B22007F41A0 /* ToDoTaskViewController.swift in Sources */ = {isa = PBXBuildFile; fileRef = 7CF0C8C719754B22007F41A0 /* ToDoTaskViewController.swift */; };
/* End PBXBuildFile section */

/* Begin PBXContainerItemProxy section */
		7C8F8C1C197277A1007DA5E4 /* PBXContainerItemProxy */ = {
			isa = PBXContainerItemProxy;
			containerPortal = 7C8F8C03197277A1007DA5E4 /* Project object */;
			proxyType = 1;
			remoteGlobalIDString = 7C8F8C0A197277A1007DA5E4;
			remoteInfo = ToDoList;
		};
		7C8F8C2D1972A6DA007DA5E4 /* PBXContainerItemProxy */ = {
			isa = PBXContainerItemProxy;
			containerPortal = 7C8F8C03197277A1007DA5E4 /* Project object */;
			proxyType = 1;
			remoteGlobalIDString = 7C8F8C0A197277A1007DA5E4;
			remoteInfo = ToDoList;
		};
		7C8F8C2F1972A6DA007DA5E4 /* PBXContainerItemProxy */ = {
			isa = PBXContainerItemProxy;
			containerPortal = 7C8F8C03197277A1007DA5E4 /* Project object */;
			proxyType = 1;
			remoteGlobalIDString = 7C8F8C0A197277A1007DA5E4;
			remoteInfo = ToDoList;
		};
		7C8F8C311972A6DF007DA5E4 /* PBXContainerItemProxy */ = {
			isa = PBXContainerItemProxy;
			containerPortal = 7C8F8C03197277A1007DA5E4 /* Project object */;
			proxyType = 1;
			remoteGlobalIDString = 7C8F8C0A197277A1007DA5E4;
			remoteInfo = ToDoList;
		};
		7C8F8C331972A6F9007DA5E4 /* PBXContainerItemProxy */ = {
			isa = PBXContainerItemProxy;
			containerPortal = 7C8F8C03197277A1007DA5E4 /* Project object */;
			proxyType = 1;
			remoteGlobalIDString = 7C8F8C0A197277A1007DA5E4;
			remoteInfo = ToDoList;
		};
		7C8F8C351972A71B007DA5E4 /* PBXContainerItemProxy */ = {
			isa = PBXContainerItemProxy;
			containerPortal = 7C8F8C03197277A1007DA5E4 /* Project object */;
			proxyType = 1;
			remoteGlobalIDString = 7C8F8C0A197277A1007DA5E4;
			remoteInfo = ToDoList;
		};
/* End PBXContainerItemProxy section */

/* Begin PBXFileReference section */
		7C2EADD01973F91C0002712A /* Main.storyboard */ = {isa = PBXFileReference; fileEncoding = 4; lastKnownFileType = file.storyboard; path = Main.storyboard; sourceTree = "<group>"; };
		7C8F8C0B197277A1007DA5E4 /* ToDoList.app */ = {isa = PBXFileReference; explicitFileType = wrapper.application; includeInIndex = 0; path = ToDoList.app; sourceTree = BUILT_PRODUCTS_DIR; };
		7C8F8C0F197277A1007DA5E4 /* Info.plist */ = {isa = PBXFileReference; lastKnownFileType = text.plist.xml; path = Info.plist; sourceTree = "<group>"; };
		7C8F8C10197277A1007DA5E4 /* AppDelegate.swift */ = {isa = PBXFileReference; lastKnownFileType = sourcecode.swift; path = AppDelegate.swift; sourceTree = "<group>"; };
		7C8F8C13197277A1007DA5E4 /* ToDoList.xcdatamodel */ = {isa = PBXFileReference; lastKnownFileType = wrapper.xcdatamodel; path = ToDoList.xcdatamodel; sourceTree = "<group>"; };
		7C8F8C15197277A1007DA5E4 /* Images.xcassets */ = {isa = PBXFileReference; lastKnownFileType = folder.assetcatalog; path = Images.xcassets; sourceTree = "<group>"; };
		7C8F8C1B197277A1007DA5E4 /* ToDoListTests.xctest */ = {isa = PBXFileReference; explicitFileType = wrapper.cfbundle; includeInIndex = 0; path = ToDoListTests.xctest; sourceTree = BUILT_PRODUCTS_DIR; };
		7C8F8C20197277A1007DA5E4 /* Info.plist */ = {isa = PBXFileReference; lastKnownFileType = text.plist.xml; path = Info.plist; sourceTree = "<group>"; };
		7C8F8C21197277A1007DA5E4 /* ToDoListTests.swift */ = {isa = PBXFileReference; lastKnownFileType = sourcecode.swift; path = ToDoListTests.swift; sourceTree = "<group>"; };
		7C8F8C2B197291FB007DA5E4 /* ToDoManager.swift */ = {isa = PBXFileReference; fileEncoding = 4; lastKnownFileType = sourcecode.swift; name = ToDoManager.swift; path = ToDoList/ToDoManager.swift; sourceTree = "<group>"; };
		7CB7012B19751F720089BCD2 /* ToDoListViewController.swift */ = {isa = PBXFileReference; fileEncoding = 4; lastKnownFileType = sourcecode.swift; path = ToDoListViewController.swift; sourceTree = "<group>"; };
		7CF0C8C719754B22007F41A0 /* ToDoTaskViewController.swift */ = {isa = PBXFileReference; fileEncoding = 4; lastKnownFileType = sourcecode.swift; path = ToDoTaskViewController.swift; sourceTree = "<group>"; };
/* End PBXFileReference section */

/* Begin PBXFrameworksBuildPhase section */
		7C8F8C08197277A1007DA5E4 /* Frameworks */ = {
			isa = PBXFrameworksBuildPhase;
			buildActionMask = 2147483647;
			files = (
			);
			runOnlyForDeploymentPostprocessing = 0;
		};
		7C8F8C18197277A1007DA5E4 /* Frameworks */ = {
			isa = PBXFrameworksBuildPhase;
			buildActionMask = 2147483647;
			files = (
			);
			runOnlyForDeploymentPostprocessing = 0;
		};
/* End PBXFrameworksBuildPhase section */

/* Begin PBXGroup section */
		7C8F8C02197277A1007DA5E4 = {
			isa = PBXGroup;
			children = (
				7C8F8C0D197277A1007DA5E4 /* ToDoList */,
				7C8F8C1E197277A1007DA5E4 /* ToDoListTests */,
				7C8F8C0C197277A1007DA5E4 /* Products */,
			);
			sourceTree = "<group>";
		};
		7C8F8C0C197277A1007DA5E4 /* Products */ = {
			isa = PBXGroup;
			children = (
				7C8F8C0B197277A1007DA5E4 /* ToDoList.app */,
				7C8F8C1B197277A1007DA5E4 /* ToDoListTests.xctest */,
			);
			name = Products;
			sourceTree = "<group>";
		};
		7C8F8C0D197277A1007DA5E4 /* ToDoList */ = {
			isa = PBXGroup;
			children = (
				7CF0C8C619753FE3007F41A0 /* Controller */,
				7CF0C8C519753FD9007F41A0 /* View */,
				7CF0C8C419753FBF007F41A0 /* Model */,
				7C8F8C10197277A1007DA5E4 /* AppDelegate.swift */,
				7C8F8C15197277A1007DA5E4 /* Images.xcassets */,
				7C8F8C0E197277A1007DA5E4 /* Supporting Files */,
			);
			path = ToDoList;
			sourceTree = "<group>";
		};
		7C8F8C0E197277A1007DA5E4 /* Supporting Files */ = {
			isa = PBXGroup;
			children = (
				7C8F8C0F197277A1007DA5E4 /* Info.plist */,
			);
			name = "Supporting Files";
			sourceTree = "<group>";
		};
		7C8F8C1E197277A1007DA5E4 /* ToDoListTests */ = {
			isa = PBXGroup;
			children = (
				7C8F8C21197277A1007DA5E4 /* ToDoListTests.swift */,
				7C8F8C1F197277A1007DA5E4 /* Supporting Files */,
			);
			path = ToDoListTests;
			sourceTree = "<group>";
		};
		7C8F8C1F197277A1007DA5E4 /* Supporting Files */ = {
			isa = PBXGroup;
			children = (
				7C8F8C20197277A1007DA5E4 /* Info.plist */,
			);
			name = "Supporting Files";
			sourceTree = "<group>";
		};
		7CF0C8C419753FBF007F41A0 /* Model */ = {
			isa = PBXGroup;
			children = (
				7C8F8C12197277A1007DA5E4 /* ToDoList.xcdatamodeld */,
				7C8F8C2B197291FB007DA5E4 /* ToDoManager.swift */,
			);
			name = Model;
			path = ..;
			sourceTree = "<group>";
		};
		7CF0C8C519753FD9007F41A0 /* View */ = {
			isa = PBXGroup;
			children = (
				7C2EADD01973F91C0002712A /* Main.storyboard */,
			);
			name = View;
			sourceTree = "<group>";
		};
		7CF0C8C619753FE3007F41A0 /* Controller */ = {
			isa = PBXGroup;
			children = (
				7CB7012B19751F720089BCD2 /* ToDoListViewController.swift */,
				7CF0C8C719754B22007F41A0 /* ToDoTaskViewController.swift */,
			);
			name = Controller;
			sourceTree = "<group>";
		};
/* End PBXGroup section */

/* Begin PBXNativeTarget section */
		7C8F8C0A197277A1007DA5E4 /* ToDoList */ = {
			isa = PBXNativeTarget;
			buildConfigurationList = 7C8F8C25197277A1007DA5E4 /* Build configuration list for PBXNativeTarget "ToDoList" */;
			buildPhases = (
				7C8F8C07197277A1007DA5E4 /* Sources */,
				7C8F8C08197277A1007DA5E4 /* Frameworks */,
				7C8F8C09197277A1007DA5E4 /* Resources */,
			);
			buildRules = (
			);
			dependencies = (
			);
			name = ToDoList;
			productName = ToDoList;
			productReference = 7C8F8C0B197277A1007DA5E4 /* ToDoList.app */;
			productType = "com.apple.product-type.application";
		};
		7C8F8C1A197277A1007DA5E4 /* ToDoListTests */ = {
			isa = PBXNativeTarget;
			buildConfigurationList = 7C8F8C28197277A1007DA5E4 /* Build configuration list for PBXNativeTarget "ToDoListTests" */;
			buildPhases = (
				7C8F8C17197277A1007DA5E4 /* Sources */,
				7C8F8C18197277A1007DA5E4 /* Frameworks */,
				7C8F8C19197277A1007DA5E4 /* Resources */,
			);
			buildRules = (
			);
			dependencies = (
				7C8F8C1D197277A1007DA5E4 /* PBXTargetDependency */,
				7C8F8C2E1972A6DA007DA5E4 /* PBXTargetDependency */,
				7C8F8C301972A6DA007DA5E4 /* PBXTargetDependency */,
				7C8F8C321972A6DF007DA5E4 /* PBXTargetDependency */,
				7C8F8C341972A6F9007DA5E4 /* PBXTargetDependency */,
				7C8F8C361972A71B007DA5E4 /* PBXTargetDependency */,
			);
			name = ToDoListTests;
			productName = ToDoListTests;
			productReference = 7C8F8C1B197277A1007DA5E4 /* ToDoListTests.xctest */;
			productType = "com.apple.product-type.bundle.unit-test";
		};
/* End PBXNativeTarget section */

/* Begin PBXProject section */
		7C8F8C03197277A1007DA5E4 /* Project object */ = {
			isa = PBXProject;
			attributes = {
				LastUpgradeCheck = 0600;
				ORGANIZATIONNAME = Abhijit;
				TargetAttributes = {
					7C8F8C0A197277A1007DA5E4 = {
						CreatedOnToolsVersion = 6.0;
					};
					7C8F8C1A197277A1007DA5E4 = {
						CreatedOnToolsVersion = 6.0;
						TestTargetID = 7C8F8C0A197277A1007DA5E4;
					};
				};
			};
			buildConfigurationList = 7C8F8C06197277A1007DA5E4 /* Build configuration list for PBXProject "ToDoList" */;
			compatibilityVersion = "Xcode 3.2";
			developmentRegion = English;
			hasScannedForEncodings = 0;
			knownRegions = (
				en,
			);
			mainGroup = 7C8F8C02197277A1007DA5E4;
			productRefGroup = 7C8F8C0C197277A1007DA5E4 /* Products */;
			projectDirPath = "";
			projectRoot = "";
			targets = (
				7C8F8C0A197277A1007DA5E4 /* ToDoList */,
				7C8F8C1A197277A1007DA5E4 /* ToDoListTests */,
			);
		};
/* End PBXProject section */

/* Begin PBXResourcesBuildPhase section */
		7C8F8C09197277A1007DA5E4 /* Resources */ = {
			isa = PBXResourcesBuildPhase;
			buildActionMask = 2147483647;
			files = (
				7C8F8C16197277A1007DA5E4 /* Images.xcassets in Resources */,
				7C2EADD11973F91C0002712A /* Main.storyboard in Resources */,
			);
			runOnlyForDeploymentPostprocessing = 0;
		};
		7C8F8C19197277A1007DA5E4 /* Resources */ = {
			isa = PBXResourcesBuildPhase;
			buildActionMask = 2147483647;
			files = (
			);
			runOnlyForDeploymentPostprocessing = 0;
		};
/* End PBXResourcesBuildPhase section */

/* Begin PBXSourcesBuildPhase section */
		7C8F8C07197277A1007DA5E4 /* Sources */ = {
			isa = PBXSourcesBuildPhase;
			buildActionMask = 2147483647;
			files = (
				7CF0C8C819754B22007F41A0 /* ToDoTaskViewController.swift in Sources */,
				7CB7012C19751F720089BCD2 /* ToDoListViewController.swift in Sources */,
				7C8F8C11197277A1007DA5E4 /* AppDelegate.swift in Sources */,
				7C8F8C2C197291FB007DA5E4 /* ToDoManager.swift in Sources */,
				7C8F8C14197277A1007DA5E4 /* ToDoList.xcdatamodeld in Sources */,
			);
			runOnlyForDeploymentPostprocessing = 0;
		};
		7C8F8C17197277A1007DA5E4 /* Sources */ = {
			isa = PBXSourcesBuildPhase;
			buildActionMask = 2147483647;
			files = (
				7C8F8C22197277A1007DA5E4 /* ToDoListTests.swift in Sources */,
			);
			runOnlyForDeploymentPostprocessing = 0;
		};
/* End PBXSourcesBuildPhase section */

/* Begin PBXTargetDependency section */
		7C8F8C1D197277A1007DA5E4 /* PBXTargetDependency */ = {
			isa = PBXTargetDependency;
			target = 7C8F8C0A197277A1007DA5E4 /* ToDoList */;
			targetProxy = 7C8F8C1C197277A1007DA5E4 /* PBXContainerItemProxy */;
		};
		7C8F8C2E1972A6DA007DA5E4 /* PBXTargetDependency */ = {
			isa = PBXTargetDependency;
			target = 7C8F8C0A197277A1007DA5E4 /* ToDoList */;
			targetProxy = 7C8F8C2D1972A6DA007DA5E4 /* PBXContainerItemProxy */;
		};
		7C8F8C301972A6DA007DA5E4 /* PBXTargetDependency */ = {
			isa = PBXTargetDependency;
			target = 7C8F8C0A197277A1007DA5E4 /* ToDoList */;
			targetProxy = 7C8F8C2F1972A6DA007DA5E4 /* PBXContainerItemProxy */;
		};
		7C8F8C321972A6DF007DA5E4 /* PBXTargetDependency */ = {
			isa = PBXTargetDependency;
			target = 7C8F8C0A197277A1007DA5E4 /* ToDoList */;
			targetProxy = 7C8F8C311972A6DF007DA5E4 /* PBXContainerItemProxy */;
		};
		7C8F8C341972A6F9007DA5E4 /* PBXTargetDependency */ = {
			isa = PBXTargetDependency;
			target = 7C8F8C0A197277A1007DA5E4 /* ToDoList */;
			targetProxy = 7C8F8C331972A6F9007DA5E4 /* PBXContainerItemProxy */;
		};
		7C8F8C361972A71B007DA5E4 /* PBXTargetDependency */ = {
			isa = PBXTargetDependency;
			target = 7C8F8C0A197277A1007DA5E4 /* ToDoList */;
			targetProxy = 7C8F8C351972A71B007DA5E4 /* PBXContainerItemProxy */;
		};
/* End PBXTargetDependency section */

/* Begin XCBuildConfiguration section */
		7C8F8C23197277A1007DA5E4 /* Debug */ = {
			isa = XCBuildConfiguration;
			buildSettings = {
				ALWAYS_SEARCH_USER_PATHS = NO;
				CLANG_CXX_LANGUAGE_STANDARD = "gnu++0x";
				CLANG_CXX_LIBRARY = "libc++";
				CLANG_ENABLE_MODULES = YES;
				CLANG_ENABLE_OBJC_ARC = YES;
				CLANG_WARN_BOOL_CONVERSION = YES;
				CLANG_WARN_CONSTANT_CONVERSION = YES;
				CLANG_WARN_DIRECT_OBJC_ISA_USAGE = YES_ERROR;
				CLANG_WARN_EMPTY_BODY = YES;
				CLANG_WARN_ENUM_CONVERSION = YES;
				CLANG_WARN_INT_CONVERSION = YES;
				CLANG_WARN_OBJC_ROOT_CLASS = YES_ERROR;
				CLANG_WARN_UNREACHABLE_CODE = YES;
				CLANG_WARN__DUPLICATE_METHOD_MATCH = YES;
				"CODE_SIGN_IDENTITY[sdk=iphoneos*]" = "iPhone Developer";
				COPY_PHASE_STRIP = NO;
				ENABLE_STRICT_OBJC_MSGSEND = YES;
				GCC_C_LANGUAGE_STANDARD = gnu99;
				GCC_DYNAMIC_NO_PIC = NO;
				GCC_OPTIMIZATION_LEVEL = 0;
				GCC_PREPROCESSOR_DEFINITIONS = (
					"DEBUG=1",
					"$(inherited)",
				);
				GCC_SYMBOLS_PRIVATE_EXTERN = NO;
				GCC_WARN_64_TO_32_BIT_CONVERSION = YES;
				GCC_WARN_ABOUT_RETURN_TYPE = YES_ERROR;
				GCC_WARN_UNDECLARED_SELECTOR = YES;
				GCC_WARN_UNINITIALIZED_AUTOS = YES_AGGRESSIVE;
				GCC_WARN_UNUSED_FUNCTION = YES;
				GCC_WARN_UNUSED_VARIABLE = YES;
				IPHONEOS_DEPLOYMENT_TARGET = 8.0;
				METAL_ENABLE_DEBUG_INFO = YES;
				ONLY_ACTIVE_ARCH = YES;
				SDKROOT = iphoneos;
				SWIFT_OPTIMIZATION_LEVEL = "-Onone";
			};
			name = Debug;
		};
		7C8F8C24197277A1007DA5E4 /* Release */ = {
			isa = XCBuildConfiguration;
			buildSettings = {
				ALWAYS_SEARCH_USER_PATHS = NO;
				CLANG_CXX_LANGUAGE_STANDARD = "gnu++0x";
				CLANG_CXX_LIBRARY = "libc++";
				CLANG_ENABLE_MODULES = YES;
				CLANG_ENABLE_OBJC_ARC = YES;
				CLANG_WARN_BOOL_CONVERSION = YES;
				CLANG_WARN_CONSTANT_CONVERSION = YES;
				CLANG_WARN_DIRECT_OBJC_ISA_USAGE = YES_ERROR;
				CLANG_WARN_EMPTY_BODY = YES;
				CLANG_WARN_ENUM_CONVERSION = YES;
				CLANG_WARN_INT_CONVERSION = YES;
				CLANG_WARN_OBJC_ROOT_CLASS = YES_ERROR;
				CLANG_WARN_UNREACHABLE_CODE = YES;
				CLANG_WARN__DUPLICATE_METHOD_MATCH = YES;
				"CODE_SIGN_IDENTITY[sdk=iphoneos*]" = "iPhone Developer";
				COPY_PHASE_STRIP = YES;
				ENABLE_NS_ASSERTIONS = NO;
				ENABLE_STRICT_OBJC_MSGSEND = YES;
				GCC_C_LANGUAGE_STANDARD = gnu99;
				GCC_WARN_64_TO_32_BIT_CONVERSION = YES;
				GCC_WARN_ABOUT_RETURN_TYPE = YES_ERROR;
				GCC_WARN_UNDECLARED_SELECTOR = YES;
				GCC_WARN_UNINITIALIZED_AUTOS = YES_AGGRESSIVE;
				GCC_WARN_UNUSED_FUNCTION = YES;
				GCC_WARN_UNUSED_VARIABLE = YES;
				IPHONEOS_DEPLOYMENT_TARGET = 8.0;
				METAL_ENABLE_DEBUG_INFO = NO;
				SDKROOT = iphoneos;
				VALIDATE_PRODUCT = YES;
			};
			name = Release;
		};
		7C8F8C26197277A1007DA5E4 /* Debug */ = {
			isa = XCBuildConfiguration;
			buildSettings = {
				ASSETCATALOG_COMPILER_APPICON_NAME = AppIcon;
				ASSETCATALOG_COMPILER_LAUNCHIMAGE_NAME = LaunchImage;
				INFOPLIST_FILE = ToDoList/Info.plist;
				LD_RUNPATH_SEARCH_PATHS = "$(inherited) @executable_path/Frameworks";
				PRODUCT_NAME = "$(TARGET_NAME)";
			};
			name = Debug;
		};
		7C8F8C27197277A1007DA5E4 /* Release */ = {
			isa = XCBuildConfiguration;
			buildSettings = {
				ASSETCATALOG_COMPILER_APPICON_NAME = AppIcon;
				ASSETCATALOG_COMPILER_LAUNCHIMAGE_NAME = LaunchImage;
				INFOPLIST_FILE = ToDoList/Info.plist;
				LD_RUNPATH_SEARCH_PATHS = "$(inherited) @executable_path/Frameworks";
				PRODUCT_NAME = "$(TARGET_NAME)";
			};
			name = Release;
		};
		7C8F8C29197277A1007DA5E4 /* Debug */ = {
			isa = XCBuildConfiguration;
			buildSettings = {
				BUNDLE_LOADER = "$(BUILT_PRODUCTS_DIR)/ToDoList.app/ToDoList";
				FRAMEWORK_SEARCH_PATHS = (
					"$(SDKROOT)/Developer/Library/Frameworks",
					"$(inherited)",
				);
				GCC_PREPROCESSOR_DEFINITIONS = (
					"DEBUG=1",
					"$(inherited)",
				);
				INFOPLIST_FILE = ToDoListTests/Info.plist;
				LD_RUNPATH_SEARCH_PATHS = "$(inherited) @executable_path/Frameworks @loader_path/Frameworks";
				METAL_ENABLE_DEBUG_INFO = YES;
				PRODUCT_NAME = "$(TARGET_NAME)";
				TEST_HOST = "$(BUNDLE_LOADER)";
			};
			name = Debug;
		};
		7C8F8C2A197277A1007DA5E4 /* Release */ = {
			isa = XCBuildConfiguration;
			buildSettings = {
				BUNDLE_LOADER = "$(BUILT_PRODUCTS_DIR)/ToDoList.app/ToDoList";
				FRAMEWORK_SEARCH_PATHS = (
					"$(SDKROOT)/Developer/Library/Frameworks",
					"$(inherited)",
				);
				INFOPLIST_FILE = ToDoListTests/Info.plist;
				LD_RUNPATH_SEARCH_PATHS = "$(inherited) @executable_path/Frameworks @loader_path/Frameworks";
				METAL_ENABLE_DEBUG_INFO = NO;
				PRODUCT_NAME = "$(TARGET_NAME)";
				TEST_HOST = "$(BUNDLE_LOADER)";
			};
			name = Release;
		};
/* End XCBuildConfiguration section */

/* Begin XCConfigurationList section */
		7C8F8C06197277A1007DA5E4 /* Build configuration list for PBXProject "ToDoList" */ = {
			isa = XCConfigurationList;
			buildConfigurations = (
				7C8F8C23197277A1007DA5E4 /* Debug */,
				7C8F8C24197277A1007DA5E4 /* Release */,
			);
			defaultConfigurationIsVisible = 0;
			defaultConfigurationName = Release;
		};
		7C8F8C25197277A1007DA5E4 /* Build configuration list for PBXNativeTarget "ToDoList" */ = {
			isa = XCConfigurationList;
			buildConfigurations = (
				7C8F8C26197277A1007DA5E4 /* Debug */,
				7C8F8C27197277A1007DA5E4 /* Release */,
			);
			defaultConfigurationIsVisible = 0;
			defaultConfigurationName = Release;
		};
		7C8F8C28197277A1007DA5E4 /* Build configuration list for PBXNativeTarget "ToDoListTests" */ = {
			isa = XCConfigurationList;
			buildConfigurations = (
				7C8F8C29197277A1007DA5E4 /* Debug */,
				7C8F8C2A197277A1007DA5E4 /* Release */,
			);
			defaultConfigurationIsVisible = 0;
			defaultConfigurationName = Release;
		};
/* End XCConfigurationList section */

/* Begin XCVersionGroup section */
		7C8F8C12197277A1007DA5E4 /* ToDoList.xcdatamodeld */ = {
			isa = XCVersionGroup;
			children = (
				7C8F8C13197277A1007DA5E4 /* ToDoList.xcdatamodel */,
			);
			currentVersion = 7C8F8C13197277A1007DA5E4 /* ToDoList.xcdatamodel */;
			name = ToDoList.xcdatamodeld;
			path = ToDoList/ToDoList.xcdatamodeld;
			sourceTree = "<group>";
			versionGroupType = wrapper.xcdatamodel;
		};
/* End XCVersionGroup section */
	};
	rootObject = 7C8F8C03197277A1007DA5E4 /* Project object */;
}
